Microsoft Visual Studio Solution File, Format Version 11.00
# Visual Studio 2008

Project("{7677A8F5-1D3D-9CAA-8441-630900672286}") = "Mindful Mastery", "Assembly-CSharp.csproj", "{9697568C-AAB1-B8AD-B453-F4B80DA0A2C3}"
EndProject
Global
	GlobalSection(SolutionConfigurationPlatforms) = preSolution
		Debug|Any CPU = Debug|Any CPU
		Release|Any CPU = Release|Any CPU
	EndGlobalSection
	GlobalSection(ProjectConfigurationPlatforms) = postSolution
		{9697568C-AAB1-B8AD-B453-F4B80DA0A2C3}.Debug|Any CPU.ActiveCfg = Debug|Any CPU
		{9697568C-AAB1-B8AD-B453-F4B80DA0A2C3}.Debug|Any CPU.Build.0 = Debug|Any CPU
		{9697568C-AAB1-B8AD-B453-F4B80DA0A2C3}.Release|Any CPU.ActiveCfg = Release|Any CPU
		{9697568C-AAB1-B8AD-B453-F4B80DA0A2C3}.Release|Any CPU.Build.0 = Release|Any CPU
	EndGlobalSection
	GlobalSection(SolutionProperties) = preSolution
		HideSolutionNode = FALSE
	EndGlobalSection
	GlobalSection(MonoDevelopProperties) = preSolution
		StartupItem = Assembly-CSharp.csproj
	EndGlobalSection
EndGlobal
